
Microsoft Visual Studio Solution File, Format Version 12.00
# Visual Studio Version 17
VisualStudioVersion = 17.9.34622.214
MinimumVisualStudioVersion = 10.0.40219.1
Project("{FAE04EC0-301F-11D3-BF4B-00C04F79EFBC}") = "LAB01", "LAB01.csproj", "{E7C2B438-271F-4CA4-973F-409E2912B21B}"
EndProject
Global
	GlobalSection(SolutionConfigurationPlatforms) = preSolution
		Debug|Any CPU = Debug|Any CPU
		Release|Any CPU = Release|Any CPU
	EndGlobalSection
	GlobalSection(ProjectConfigurationPlatforms) = postSolution
		{E7C2B438-271F-4CA4-973F-409E2912B21B}.Debug|Any CPU.ActiveCfg = Debug|Any CPU
		{E7C2B438-271F-4CA4-973F-409E2912B21B}.Debug|Any CPU.Build.0 = Debug|Any CPU
		{E7C2B438-271F-4CA4-973F-409E2912B21B}.Release|Any CPU.ActiveCfg = Release|Any CPU
		{E7C2B438-271F-4CA4-973F-409E2912B21B}.Release|Any CPU.Build.0 = Release|Any CPU
	EndGlobalSection
	GlobalSection(SolutionProperties) = preSolution
		HideSolutionNode = FALSE
	EndGlobalSection
	GlobalSection(ExtensibilityGlobals) = postSolution
		SolutionGuid = {3A7F3E01-2CF6-4872-9A8F-240C63B766E3}
	EndGlobalSection
EndGlobal
